
Microsoft Visual Studio Solution File, Format Version 12.00
# Visual Studio Version 16
VisualStudioVersion = 16.0.34601.136
MinimumVisualStudioVersion = 10.0.40219.1
Project("{FAE04EC0-301F-11D3-BF4B-00C04F79EFBC}") = "CNE.Entities", "CNE.Entities\CNE.Entities.csproj", "{AAD145F4-41E7-4D51-887D-3A405E42F92F}"
EndProject
Project("{FAE04EC0-301F-11D3-BF4B-00C04F79EFBC}") = "CNE.DataAccess", "CNE.DataAccess\CNE.DataAccess.csproj", "{AEF1C814-1B0B-40BD-A48C-19FCC7A5560B}"
EndProject
Project("{FAE04EC0-301F-11D3-BF4B-00C04F79EFBC}") = "CNE.Common", "CNE.Common\CNE.Common.csproj", "{47E6C325-964D-4C99-8426-DBD30838786E}"
EndProject
Project("{FAE04EC0-301F-11D3-BF4B-00C04F79EFBC}") = "CNE.BusinessLogic", "CNE.BusinessLogic\CNE.BusinessLogic.csproj", "{EECF581E-CD94-457C-8E38-CCAADA92F723}"
EndProject
Project("{FAE04EC0-301F-11D3-BF4B-00C04F79EFBC}") = "CNE.API", "CNE.API\CNE.API.csproj", "{0A6EB369-EE0F-4AAD-B9DA-EAEAAACEB655}"
EndProject
Global
	GlobalSection(SolutionConfigurationPlatforms) = preSolution
		Debug|Any CPU = Debug|Any CPU
		Release|Any CPU = Release|Any CPU
	EndGlobalSection
	GlobalSection(ProjectConfigurationPlatforms) = postSolution
		{AAD145F4-41E7-4D51-887D-3A405E42F92F}.Debug|Any CPU.ActiveCfg = Debug|Any CPU
		{AAD145F4-41E7-4D51-887D-3A405E42F92F}.Debug|Any CPU.Build.0 = Debug|Any CPU
		{AAD145F4-41E7-4D51-887D-3A405E42F92F}.Release|Any CPU.ActiveCfg = Release|Any CPU
		{AAD145F4-41E7-4D51-887D-3A405E42F92F}.Release|Any CPU.Build.0 = Release|Any CPU
		{AEF1C814-1B0B-40BD-A48C-19FCC7A5560B}.Debug|Any CPU.ActiveCfg = Debug|Any CPU
		{AEF1C814-1B0B-40BD-A48C-19FCC7A5560B}.Debug|Any CPU.Build.0 = Debug|Any CPU
		{AEF1C814-1B0B-40BD-A48C-19FCC7A5560B}.Release|Any CPU.ActiveCfg = Release|Any CPU
		{AEF1C814-1B0B-40BD-A48C-19FCC7A5560B}.Release|Any CPU.Build.0 = Release|Any CPU
		{47E6C325-964D-4C99-8426-DBD30838786E}.Debug|Any CPU.ActiveCfg = Debug|Any CPU
		{47E6C325-964D-4C99-8426-DBD30838786E}.Debug|Any CPU.Build.0 = Debug|Any CPU
		{47E6C325-964D-4C99-8426-DBD30838786E}.Release|Any CPU.ActiveCfg = Release|Any CPU
		{47E6C325-964D-4C99-8426-DBD30838786E}.Release|Any CPU.Build.0 = Release|Any CPU
		{EECF581E-CD94-457C-8E38-CCAADA92F723}.Debug|Any CPU.ActiveCfg = Debug|Any CPU
		{EECF581E-CD94-457C-8E38-CCAADA92F723}.Debug|Any CPU.Build.0 = Debug|Any CPU
		{EECF581E-CD94-457C-8E38-CCAADA92F723}.Release|Any CPU.ActiveCfg = Release|Any CPU
		{EECF581E-CD94-457C-8E38-CCAADA92F723}.Release|Any CPU.Build.0 = Release|Any CPU
		{0A6EB369-EE0F-4AAD-B9DA-EAEAAACEB655}.Debug|Any CPU.ActiveCfg = Debug|Any CPU
		{0A6EB369-EE0F-4AAD-B9DA-EAEAAACEB655}.Debug|Any CPU.Build.0 = Debug|Any CPU
		{0A6EB369-EE0F-4AAD-B9DA-EAEAAACEB655}.Release|Any CPU.ActiveCfg = Release|Any CPU
		{0A6EB369-EE0F-4AAD-B9DA-EAEAAACEB655}.Release|Any CPU.Build.0 = Release|Any CPU
	EndGlobalSection
	GlobalSection(SolutionProperties) = preSolution
		HideSolutionNode = FALSE
	EndGlobalSection
	GlobalSection(ExtensibilityGlobals) = postSolution
		SolutionGuid = {F0DC2741-57D4-4ADB-AB78-CE4ED0A88770}
	EndGlobalSection
EndGlobal
